
Microsoft Visual Studio Solution File, Format Version 12.00
# Visual Studio Version 17
VisualStudioVersion = 17.3.32922.545
MinimumVisualStudioVersion = 10.0.40219.1
Project("{8BC9CEB8-8B4A-11D0-8D11-00A0C91BC942}") = "ap dung tim duong", "ap dung tim duong\ap dung tim duong.vcxproj", "{E03076E2-3391-4107-93CD-6F6B883D5233}"
EndProject
Global
	GlobalSection(SolutionConfigurationPlatforms) = preSolution
		Debug|x64 = Debug|x64
		Debug|x86 = Debug|x86
		Release|x64 = Release|x64
		Release|x86 = Release|x86
	EndGlobalSection
	GlobalSection(ProjectConfigurationPlatforms) = postSolution
		{E03076E2-3391-4107-93CD-6F6B883D5233}.Debug|x64.ActiveCfg = Debug|x64
		{E03076E2-3391-4107-93CD-6F6B883D5233}.Debug|x64.Build.0 = Debug|x64
		{E03076E2-3391-4107-93CD-6F6B883D5233}.Debug|x86.ActiveCfg = Debug|Win32
		{E03076E2-3391-4107-93CD-6F6B883D5233}.Debug|x86.Build.0 = Debug|Win32
		{E03076E2-3391-4107-93CD-6F6B883D5233}.Release|x64.ActiveCfg = Release|x64
		{E03076E2-3391-4107-93CD-6F6B883D5233}.Release|x64.Build.0 = Release|x64
		{E03076E2-3391-4107-93CD-6F6B883D5233}.Release|x86.ActiveCfg = Release|Win32
		{E03076E2-3391-4107-93CD-6F6B883D5233}.Release|x86.Build.0 = Release|Win32
	EndGlobalSection
	GlobalSection(SolutionProperties) = preSolution
		HideSolutionNode = FALSE
	EndGlobalSection
	GlobalSection(ExtensibilityGlobals) = postSolution
		SolutionGuid = {C3852EEF-0C57-412C-85CB-2964A110DDD8}
	EndGlobalSection
EndGlobal
